
Microsoft Visual Studio Solution File, Format Version 12.00
# Visual Studio Version 17
VisualStudioVersion = 17.3.32922.545
MinimumVisualStudioVersion = 10.0.40219.1
Project("{FAE04EC0-301F-11D3-BF4B-00C04F79EFBC}") = "ProductsApi", "ProductsApi\ProductsApi.csproj", "{6EA64678-B00D-481C-90C0-777833781933}"
EndProject
Global
	GlobalSection(SolutionConfigurationPlatforms) = preSolution
		Debug|Any CPU = Debug|Any CPU
		Release|Any CPU = Release|Any CPU
	EndGlobalSection
	GlobalSection(ProjectConfigurationPlatforms) = postSolution
		{6EA64678-B00D-481C-90C0-777833781933}.Debug|Any CPU.ActiveCfg = Debug|Any CPU
		{6EA64678-B00D-481C-90C0-777833781933}.Debug|Any CPU.Build.0 = Debug|Any CPU
		{6EA64678-B00D-481C-90C0-777833781933}.Release|Any CPU.ActiveCfg = Release|Any CPU
		{6EA64678-B00D-481C-90C0-777833781933}.Release|Any CPU.Build.0 = Release|Any CPU
	EndGlobalSection
	GlobalSection(SolutionProperties) = preSolution
		HideSolutionNode = FALSE
	EndGlobalSection
	GlobalSection(ExtensibilityGlobals) = postSolution
		SolutionGuid = {DDAF1DD1-6DBB-4F0C-B03A-4B68AD3B77C9}
	EndGlobalSection
EndGlobal
